
Microsoft Visual Studio Solution File, Format Version 11.00
# Visual Studio 2010
Project("{FAE04EC0-301F-11D3-BF4B-00C04F79EFBC}") = "MonoDevelop.MonoGame.MacOS", "..\..\MonoGame\ProjectTemplates\MonoDevelop\MonoDevelop.MonoGame\MonoDevelop.MonoGame\MonoDevelop.MonoGame.MacOS.csproj", "{77DC780A-F423-46CA-BAB2-612A87432E74}"
EndProject
Project("{FAE04EC0-301F-11D3-BF4B-00C04F79EFBC}") = "Lidgren.Network.MacOS", "..\..\MonoGame\ThirdParty\Lidgren.Network\Lidgren.Network.MacOS.csproj", "{AE483C29-042E-4226-BA52-D247CE7676DA}"
EndProject
Project("{FAE04EC0-301F-11D3-BF4B-00C04F79EFBC}") = "ratiki", "..\..\..\Projects\crap\crap\ratiki.csproj", "{F1B3C026-0118-4626-8DAD-49403C5AED70}"
EndProject
Global
	GlobalSection(SolutionConfigurationPlatforms) = preSolution
		Debug|x86 = Debug|x86
		Release|x86 = Release|x86
		AppStore|x86 = AppStore|x86
		Distribution|Any CPU = Distribution|Any CPU
		ReleaseLinux|Any CPU = ReleaseLinux|Any CPU
	EndGlobalSection
	GlobalSection(ProjectConfigurationPlatforms) = postSolution
		{77DC780A-F423-46CA-BAB2-612A87432E74}.AppStore|x86.ActiveCfg = Debug|Any CPU
		{77DC780A-F423-46CA-BAB2-612A87432E74}.AppStore|x86.Build.0 = Debug|Any CPU
		{77DC780A-F423-46CA-BAB2-612A87432E74}.Debug|x86.ActiveCfg = Debug|Any CPU
		{77DC780A-F423-46CA-BAB2-612A87432E74}.Debug|x86.Build.0 = Debug|Any CPU
		{77DC780A-F423-46CA-BAB2-612A87432E74}.Distribution|Any CPU.ActiveCfg = Debug|Any CPU
		{77DC780A-F423-46CA-BAB2-612A87432E74}.Distribution|Any CPU.Build.0 = Debug|Any CPU
		{77DC780A-F423-46CA-BAB2-612A87432E74}.Release|x86.ActiveCfg = Release|Any CPU
		{77DC780A-F423-46CA-BAB2-612A87432E74}.Release|x86.Build.0 = Release|Any CPU
		{77DC780A-F423-46CA-BAB2-612A87432E74}.ReleaseLinux|Any CPU.ActiveCfg = ReleaseLinux|Any CPU
		{77DC780A-F423-46CA-BAB2-612A87432E74}.ReleaseLinux|Any CPU.Build.0 = ReleaseLinux|Any CPU
		{AE483C29-042E-4226-BA52-D247CE7676DA}.AppStore|x86.ActiveCfg = Debug|Any CPU
		{AE483C29-042E-4226-BA52-D247CE7676DA}.AppStore|x86.Build.0 = Debug|Any CPU
		{AE483C29-042E-4226-BA52-D247CE7676DA}.Debug|x86.ActiveCfg = Debug|Any CPU
		{AE483C29-042E-4226-BA52-D247CE7676DA}.Debug|x86.Build.0 = Debug|Any CPU
		{AE483C29-042E-4226-BA52-D247CE7676DA}.Distribution|Any CPU.ActiveCfg = Debug|Any CPU
		{AE483C29-042E-4226-BA52-D247CE7676DA}.Distribution|Any CPU.Build.0 = Debug|Any CPU
		{AE483C29-042E-4226-BA52-D247CE7676DA}.Release|x86.ActiveCfg = Release|Any CPU
		{AE483C29-042E-4226-BA52-D247CE7676DA}.Release|x86.Build.0 = Release|Any CPU
		{AE483C29-042E-4226-BA52-D247CE7676DA}.ReleaseLinux|Any CPU.ActiveCfg = Release|Any CPU
		{AE483C29-042E-4226-BA52-D247CE7676DA}.ReleaseLinux|Any CPU.Build.0 = Release|Any CPU
		{F1B3C026-0118-4626-8DAD-49403C5AED70}.AppStore|x86.ActiveCfg = AppStore|x86
		{F1B3C026-0118-4626-8DAD-49403C5AED70}.AppStore|x86.Build.0 = AppStore|x86
		{F1B3C026-0118-4626-8DAD-49403C5AED70}.Debug|x86.ActiveCfg = Debug|x86
		{F1B3C026-0118-4626-8DAD-49403C5AED70}.Debug|x86.Build.0 = Debug|x86
		{F1B3C026-0118-4626-8DAD-49403C5AED70}.Distribution|Any CPU.ActiveCfg = Debug|x86
		{F1B3C026-0118-4626-8DAD-49403C5AED70}.Distribution|Any CPU.Build.0 = Debug|x86
		{F1B3C026-0118-4626-8DAD-49403C5AED70}.Release|x86.ActiveCfg = Release|x86
		{F1B3C026-0118-4626-8DAD-49403C5AED70}.Release|x86.Build.0 = Release|x86
		{F1B3C026-0118-4626-8DAD-49403C5AED70}.ReleaseLinux|Any CPU.ActiveCfg = Debug|x86
		{F1B3C026-0118-4626-8DAD-49403C5AED70}.ReleaseLinux|Any CPU.Build.0 = Debug|x86
	EndGlobalSection
	GlobalSection(MonoDevelopProperties) = preSolution
		StartupItem = ..\..\..\Projects\crap\crap\ratiki.csproj
		version = 1.0.0.0
	EndGlobalSection
EndGlobal
