
Microsoft Visual Studio Solution File, Format Version 12.00
# Visual Studio 2012
Project("{FAE04EC0-301F-11D3-BF4B-00C04F79EFBC}") = "GameName1", "GameName1\GameName1.csproj", "{AD72A0BE-5711-4850-80FC-0D1100FF2F27}"
EndProject
Global
	GlobalSection(SolutionConfigurationPlatforms) = preSolution
		Debug|x86 = Debug|x86
		Release|x86 = Release|x86
	EndGlobalSection
	GlobalSection(ProjectConfigurationPlatforms) = postSolution
		{AD72A0BE-5711-4850-80FC-0D1100FF2F27}.Debug|x86.ActiveCfg = Debug|x86
		{AD72A0BE-5711-4850-80FC-0D1100FF2F27}.Debug|x86.Build.0 = Debug|x86
		{AD72A0BE-5711-4850-80FC-0D1100FF2F27}.Release|x86.ActiveCfg = Release|x86
		{AD72A0BE-5711-4850-80FC-0D1100FF2F27}.Release|x86.Build.0 = Release|x86
	EndGlobalSection
	GlobalSection(SolutionProperties) = preSolution
		HideSolutionNode = FALSE
	EndGlobalSection
EndGlobal
